
Microsoft Visual Studio Solution File, Format Version 12.00
Project("{FAE04EC0-301F-11D3-BF4B-00C04F79EFBC}") = "Iterator", "Iterator\Iterator.csproj", "{45C3BD8F-0CE7-4688-B01F-6A71C24724EE}"
EndProject
Global
	GlobalSection(SolutionConfigurationPlatforms) = preSolution
		Debug|Any CPU = Debug|Any CPU
		Release|Any CPU = Release|Any CPU
	EndGlobalSection
	GlobalSection(ProjectConfigurationPlatforms) = postSolution
		{45C3BD8F-0CE7-4688-B01F-6A71C24724EE}.Debug|Any CPU.ActiveCfg = Debug|Any CPU
		{45C3BD8F-0CE7-4688-B01F-6A71C24724EE}.Debug|Any CPU.Build.0 = Debug|Any CPU
		{45C3BD8F-0CE7-4688-B01F-6A71C24724EE}.Release|Any CPU.ActiveCfg = Release|Any CPU
		{45C3BD8F-0CE7-4688-B01F-6A71C24724EE}.Release|Any CPU.Build.0 = Release|Any CPU
	EndGlobalSection
EndGlobal
